
Microsoft Visual Studio Solution File, Format Version 12.00
# Visual Studio 11
Project("{FAE04EC0-301F-11D3-BF4B-00C04F79EFBC}") = "Sedodream.SelfPub.ConfigService", "Sedodream.ConfigService\Sedodream.SelfPub.ConfigService.csproj", "{9613ECCB-1C8E-4C20-8941-8396D840A442}"
EndProject
Project("{FAE04EC0-301F-11D3-BF4B-00C04F79EFBC}") = "Sedodream.SelfPub.Common", "Sedodream.SelfPub.Common\Sedodream.SelfPub.Common.csproj", "{5DE5DB2D-7E6C-4CAC-9712-E7AF71BA6959}"
EndProject
Project("{FAE04EC0-301F-11D3-BF4B-00C04F79EFBC}") = "Sedodream.SelfPub.Test", "Sedodream.SelfPub.Test\Sedodream.SelfPub.Test.csproj", "{65F2011F-65B1-4B98-9065-F5E7C996AF7C}"
EndProject
Project("{FAE04EC0-301F-11D3-BF4B-00C04F79EFBC}") = "Sedodream.SelfPub.Runner", "Sedodream.SelfPub.Runner\Sedodream.SelfPub.Runner.csproj", "{46DDC6AA-B2EA-48C5-B795-2A44CAFF76CE}"
EndProject
Project("{FAE04EC0-301F-11D3-BF4B-00C04F79EFBC}") = "KhyberPass.DeployService", "KhyberPass.DeployService\KhyberPass.DeployService.csproj", "{389ABE95-ED55-4F0F-AA6C-2DC182144D86}"
EndProject
Global
	GlobalSection(SolutionConfigurationPlatforms) = preSolution
		Debug|Any CPU = Debug|Any CPU
		Release|Any CPU = Release|Any CPU
	EndGlobalSection
	GlobalSection(ProjectConfigurationPlatforms) = postSolution
		{389ABE95-ED55-4F0F-AA6C-2DC182144D86}.Debug|Any CPU.ActiveCfg = Debug|Any CPU
		{389ABE95-ED55-4F0F-AA6C-2DC182144D86}.Debug|Any CPU.Build.0 = Debug|Any CPU
		{389ABE95-ED55-4F0F-AA6C-2DC182144D86}.Release|Any CPU.ActiveCfg = Release|Any CPU
		{389ABE95-ED55-4F0F-AA6C-2DC182144D86}.Release|Any CPU.Build.0 = Release|Any CPU
		{46DDC6AA-B2EA-48C5-B795-2A44CAFF76CE}.Debug|Any CPU.ActiveCfg = Debug|Any CPU
		{46DDC6AA-B2EA-48C5-B795-2A44CAFF76CE}.Debug|Any CPU.Build.0 = Debug|Any CPU
		{46DDC6AA-B2EA-48C5-B795-2A44CAFF76CE}.Release|Any CPU.ActiveCfg = Release|Any CPU
		{46DDC6AA-B2EA-48C5-B795-2A44CAFF76CE}.Release|Any CPU.Build.0 = Release|Any CPU
		{5DE5DB2D-7E6C-4CAC-9712-E7AF71BA6959}.Debug|Any CPU.ActiveCfg = Debug|Any CPU
		{5DE5DB2D-7E6C-4CAC-9712-E7AF71BA6959}.Debug|Any CPU.Build.0 = Debug|Any CPU
		{5DE5DB2D-7E6C-4CAC-9712-E7AF71BA6959}.Release|Any CPU.ActiveCfg = Release|Any CPU
		{5DE5DB2D-7E6C-4CAC-9712-E7AF71BA6959}.Release|Any CPU.Build.0 = Release|Any CPU
		{65F2011F-65B1-4B98-9065-F5E7C996AF7C}.Debug|Any CPU.ActiveCfg = Debug|Any CPU
		{65F2011F-65B1-4B98-9065-F5E7C996AF7C}.Debug|Any CPU.Build.0 = Debug|Any CPU
		{65F2011F-65B1-4B98-9065-F5E7C996AF7C}.Release|Any CPU.ActiveCfg = Release|Any CPU
		{65F2011F-65B1-4B98-9065-F5E7C996AF7C}.Release|Any CPU.Build.0 = Release|Any CPU
		{9613ECCB-1C8E-4C20-8941-8396D840A442}.Debug|Any CPU.ActiveCfg = Debug|Any CPU
		{9613ECCB-1C8E-4C20-8941-8396D840A442}.Debug|Any CPU.Build.0 = Debug|Any CPU
		{9613ECCB-1C8E-4C20-8941-8396D840A442}.Release|Any CPU.ActiveCfg = Release|Any CPU
		{9613ECCB-1C8E-4C20-8941-8396D840A442}.Release|Any CPU.Build.0 = Release|Any CPU
	EndGlobalSection
	GlobalSection(SolutionProperties) = preSolution
		HideSolutionNode = FALSE
	EndGlobalSection
EndGlobal
